// !$*UTF8*$!
{
	archiveVersion = 1;
	classes = {
	};
	objectVersion = 77;
	objects = {

/* Begin PBXBuildFile section */
		F787E5FF2CFFE94A005A2953 /* AWSCognitoAuthPlugin in Frameworks */ = {isa = PBXBuildFile; productRef = F787E5FE2CFFE94A005A2953 /* AWSCognitoAuthPlugin */; };
		F7A17BD72D04048000ABDE7C /* Authenticator in Frameworks */ = {isa = PBXBuildFile; productRef = F7A17BD62D04048000ABDE7C /* Authenticator */; };
		F7A17BDD2D05558C00ABDE7C /* amplify_outputs.json in Resources */ = {isa = PBXBuildFile; fileRef = F7A17BDC2D05558C00ABDE7C /* amplify_outputs.json */; };
		F7DEB4CE2CFEB38D0018D943 /* Amplify in Frameworks */ = {isa = PBXBuildFile; productRef = F7DEB4CD2CFEB38D0018D943 /* Amplify */; };
		F7DEB4D02CFEB3940018D943 /* AWSAPIPlugin in Frameworks */ = {isa = PBXBuildFile; productRef = F7DEB4CF2CFEB3940018D943 /* AWSAPIPlugin */; };
/* End PBXBuildFile section */

/* Begin PBXContainerItemProxy section */
		F7DEB4AD2CFEAF340018D943 /* PBXContainerItemProxy */ = {
			isa = PBXContainerItemProxy;
			containerPortal = F7DEB4922CFEAF2F0018D943 /* Project object */;
			proxyType = 1;
			remoteGlobalIDString = F7DEB4992CFEAF2F0018D943;
			remoteInfo = ensemble;
		};
		F7DEB4B72CFEAF340018D943 /* PBXContainerItemProxy */ = {
			isa = PBXContainerItemProxy;
			containerPortal = F7DEB4922CFEAF2F0018D943 /* Project object */;
			proxyType = 1;
			remoteGlobalIDString = F7DEB4992CFEAF2F0018D943;
			remoteInfo = ensemble;
		};
/* End PBXContainerItemProxy section */

/* Begin PBXFileReference section */
		F7A17BDC2D05558C00ABDE7C /* amplify_outputs.json */ = {isa = PBXFileReference; lastKnownFileType = text.json; path = amplify_outputs.json; sourceTree = "<group>"; };
		F7DEB49A2CFEAF2F0018D943 /* ensemble.app */ = {isa = PBXFileReference; explicitFileType = wrapper.application; includeInIndex = 0; path = ensemble.app; sourceTree = BUILT_PRODUCTS_DIR; };
		F7DEB4AC2CFEAF340018D943 /* ensembleTests.xctest */ = {isa = PBXFileReference; explicitFileType = wrapper.cfbundle; includeInIndex = 0; path = ensembleTests.xctest; sourceTree = BUILT_PRODUCTS_DIR; };
		F7DEB4B62CFEAF340018D943 /* ensembleUITests.xctest */ = {isa = PBXFileReference; explicitFileType = wrapper.cfbundle; includeInIndex = 0; path = ensembleUITests.xctest; sourceTree = BUILT_PRODUCTS_DIR; };
/* End PBXFileReference section */

/* Begin PBXFileSystemSynchronizedBuildFileExceptionSet section */
		F787E6092D016F04005A2953 /* Exceptions for "ensemble" folder in "ensemble" target */ = {
			isa = PBXFileSystemSynchronizedBuildFileExceptionSet;
			membershipExceptions = (
				Info.plist,
			);
			target = F7DEB4992CFEAF2F0018D943 /* ensemble */;
		};
/* End PBXFileSystemSynchronizedBuildFileExceptionSet section */

/* Begin PBXFileSystemSynchronizedRootGroup section */
		F74F949B2D07FD9D006AD58D /* MockAmplifyModels() */ = {
			isa = PBXFileSystemSynchronizedRootGroup;
			path = "MockAmplifyModels()";
			sourceTree = "<group>";
		};
		F7DEB49C2CFEAF2F0018D943 /* ensemble */ = {
			isa = PBXFileSystemSynchronizedRootGroup;
			exceptions = (
				F787E6092D016F04005A2953 /* Exceptions for "ensemble" folder in "ensemble" target */,
			);
			path = ensemble;
			sourceTree = "<group>";
		};
		F7DEB4AF2CFEAF340018D943 /* ensembleTests */ = {
			isa = PBXFileSystemSynchronizedRootGroup;
			path = ensembleTests;
			sourceTree = "<group>";
		};
		F7DEB4B92CFEAF340018D943 /* ensembleUITests */ = {
			isa = PBXFileSystemSynchronizedRootGroup;
			path = ensembleUITests;
			sourceTree = "<group>";
		};
/* End PBXFileSystemSynchronizedRootGroup section */

/* Begin PBXFrameworksBuildPhase section */
		F7DEB4972CFEAF2F0018D943 /* Frameworks */ = {
			isa = PBXFrameworksBuildPhase;
			buildActionMask = 2147483647;
			files = (
				F7A17BD72D04048000ABDE7C /* Authenticator in Frameworks */,
				F7DEB4D02CFEB3940018D943 /* AWSAPIPlugin in Frameworks */,
				F7DEB4CE2CFEB38D0018D943 /* Amplify in Frameworks */,
				F787E5FF2CFFE94A005A2953 /* AWSCognitoAuthPlugin in Frameworks */,
			);
			runOnlyForDeploymentPostprocessing = 0;
		};
		F7DEB4A92CFEAF340018D943 /* Frameworks */ = {
			isa = PBXFrameworksBuildPhase;
			buildActionMask = 2147483647;
			files = (
			);
			runOnlyForDeploymentPostprocessing = 0;
		};
		F7DEB4B32CFEAF340018D943 /* Frameworks */ = {
			isa = PBXFrameworksBuildPhase;
			buildActionMask = 2147483647;
			files = (
			);
			runOnlyForDeploymentPostprocessing = 0;
		};
/* End PBXFrameworksBuildPhase section */

/* Begin PBXGroup section */
		F7DEB4912CFEAF2F0018D943 = {
			isa = PBXGroup;
			children = (
				F74F949B2D07FD9D006AD58D /* MockAmplifyModels() */,
				F7DEB49C2CFEAF2F0018D943 /* ensemble */,
				F7DEB4AF2CFEAF340018D943 /* ensembleTests */,
				F7DEB4B92CFEAF340018D943 /* ensembleUITests */,
				F7DEB4CC2CFEB38D0018D943 /* Frameworks */,
				F7DEB49B2CFEAF2F0018D943 /* Products */,
				F7A17BDC2D05558C00ABDE7C /* amplify_outputs.json */,
			);
			sourceTree = "<group>";
		};
		F7DEB49B2CFEAF2F0018D943 /* Products */ = {
			isa = PBXGroup;
			children = (
				F7DEB49A2CFEAF2F0018D943 /* ensemble.app */,
				F7DEB4AC2CFEAF340018D943 /* ensembleTests.xctest */,
				F7DEB4B62CFEAF340018D943 /* ensembleUITests.xctest */,
			);
			name = Products;
			sourceTree = "<group>";
		};
		F7DEB4CC2CFEB38D0018D943 /* Frameworks */ = {
			isa = PBXGroup;
			children = (
			);
			name = Frameworks;
			sourceTree = "<group>";
		};
/* End PBXGroup section */

/* Begin PBXNativeTarget section */
		F7DEB4992CFEAF2F0018D943 /* ensemble */ = {
			isa = PBXNativeTarget;
			buildConfigurationList = F7DEB4C02CFEAF340018D943 /* Build configuration list for PBXNativeTarget "ensemble" */;
			buildPhases = (
				F7DEB4962CFEAF2F0018D943 /* Sources */,
				F7DEB4972CFEAF2F0018D943 /* Frameworks */,
				F7DEB4982CFEAF2F0018D943 /* Resources */,
			);
			buildRules = (
			);
			dependencies = (
			);
			fileSystemSynchronizedGroups = (
				F74F949B2D07FD9D006AD58D /* MockAmplifyModels() */,
				F7DEB49C2CFEAF2F0018D943 /* ensemble */,
			);
			name = ensemble;
			packageProductDependencies = (
				F7DEB4CD2CFEB38D0018D943 /* Amplify */,
				F7DEB4CF2CFEB3940018D943 /* AWSAPIPlugin */,
				F787E5FE2CFFE94A005A2953 /* AWSCognitoAuthPlugin */,
				F7A17BD62D04048000ABDE7C /* Authenticator */,
			);
			productName = ensemble;
			productReference = F7DEB49A2CFEAF2F0018D943 /* ensemble.app */;
			productType = "com.apple.product-type.application";
		};
		F7DEB4AB2CFEAF340018D943 /* ensembleTests */ = {
			isa = PBXNativeTarget;
			buildConfigurationList = F7DEB4C32CFEAF340018D943 /* Build configuration list for PBXNativeTarget "ensembleTests" */;
			buildPhases = (
				F7DEB4A82CFEAF340018D943 /* Sources */,
				F7DEB4A92CFEAF340018D943 /* Frameworks */,
				F7DEB4AA2CFEAF340018D943 /* Resources */,
			);
			buildRules = (
			);
			dependencies = (
				F7DEB4AE2CFEAF340018D943 /* PBXTargetDependency */,
			);
			fileSystemSynchronizedGroups = (
				F7DEB4AF2CFEAF340018D943 /* ensembleTests */,
			);
			name = ensembleTests;
			packageProductDependencies = (
			);
			productName = ensembleTests;
			productReference = F7DEB4AC2CFEAF340018D943 /* ensembleTests.xctest */;
			productType = "com.apple.product-type.bundle.unit-test";
		};
		F7DEB4B52CFEAF340018D943 /* ensembleUITests */ = {
			isa = PBXNativeTarget;
			buildConfigurationList = F7DEB4C62CFEAF340018D943 /* Build configuration list for PBXNativeTarget "ensembleUITests" */;
			buildPhases = (
				F7DEB4B22CFEAF340018D943 /* Sources */,
				F7DEB4B32CFEAF340018D943 /* Frameworks */,
				F7DEB4B42CFEAF340018D943 /* Resources */,
			);
			buildRules = (
			);
			dependencies = (
				F7DEB4B82CFEAF340018D943 /* PBXTargetDependency */,
			);
			fileSystemSynchronizedGroups = (
				F7DEB4B92CFEAF340018D943 /* ensembleUITests */,
			);
			name = ensembleUITests;
			packageProductDependencies = (
			);
			productName = ensembleUITests;
			productReference = F7DEB4B62CFEAF340018D943 /* ensembleUITests.xctest */;
			productType = "com.apple.product-type.bundle.ui-testing";
		};
/* End PBXNativeTarget section */

/* Begin PBXProject section */
		F7DEB4922CFEAF2F0018D943 /* Project object */ = {
			isa = PBXProject;
			attributes = {
				BuildIndependentTargetsInParallel = 1;
				LastSwiftUpdateCheck = 1610;
				LastUpgradeCheck = 1610;
				TargetAttributes = {
					F7DEB4992CFEAF2F0018D943 = {
						CreatedOnToolsVersion = 16.1;
					};
					F7DEB4AB2CFEAF340018D943 = {
						CreatedOnToolsVersion = 16.1;
						TestTargetID = F7DEB4992CFEAF2F0018D943;
					};
					F7DEB4B52CFEAF340018D943 = {
						CreatedOnToolsVersion = 16.1;
						TestTargetID = F7DEB4992CFEAF2F0018D943;
					};
				};
			};
			buildConfigurationList = F7DEB4952CFEAF2F0018D943 /* Build configuration list for PBXProject "ensemble" */;
			developmentRegion = en;
			hasScannedForEncodings = 0;
			knownRegions = (
				en,
				Base,
			);
			mainGroup = F7DEB4912CFEAF2F0018D943;
			minimizedProjectReferenceProxies = 1;
			packageReferences = (
				F7DEB4CB2CFEB2A90018D943 /* XCRemoteSwiftPackageReference "amplify-swift" */,
				F7A17BD52D04048000ABDE7C /* XCRemoteSwiftPackageReference "amplify-ui-swift-authenticator" */,
			);
			preferredProjectObjectVersion = 77;
			productRefGroup = F7DEB49B2CFEAF2F0018D943 /* Products */;
			projectDirPath = "";
			projectRoot = "";
			targets = (
				F7DEB4992CFEAF2F0018D943 /* ensemble */,
				F7DEB4AB2CFEAF340018D943 /* ensembleTests */,
				F7DEB4B52CFEAF340018D943 /* ensembleUITests */,
			);
		};
/* End PBXProject section */

/* Begin PBXResourcesBuildPhase section */
		F7DEB4982CFEAF2F0018D943 /* Resources */ = {
			isa = PBXResourcesBuildPhase;
			buildActionMask = 2147483647;
			files = (
				F7A17BDD2D05558C00ABDE7C /* amplify_outputs.json in Resources */,
			);
			runOnlyForDeploymentPostprocessing = 0;
		};
		F7DEB4AA2CFEAF340018D943 /* Resources */ = {
			isa = PBXResourcesBuildPhase;
			buildActionMask = 2147483647;
			files = (
			);
			runOnlyForDeploymentPostprocessing = 0;
		};
		F7DEB4B42CFEAF340018D943 /* Resources */ = {
			isa = PBXResourcesBuildPhase;
			buildActionMask = 2147483647;
			files = (
			);
			runOnlyForDeploymentPostprocessing = 0;
		};
/* End PBXResourcesBuildPhase section */

/* Begin PBXSourcesBuildPhase section */
		F7DEB4962CFEAF2F0018D943 /* Sources */ = {
			isa = PBXSourcesBuildPhase;
			buildActionMask = 2147483647;
			files = (
			);
			runOnlyForDeploymentPostprocessing = 0;
		};
		F7DEB4A82CFEAF340018D943 /* Sources */ = {
			isa = PBXSourcesBuildPhase;
			buildActionMask = 2147483647;
			files = (
			);
			runOnlyForDeploymentPostprocessing = 0;
		};
		F7DEB4B22CFEAF340018D943 /* Sources */ = {
			isa = PBXSourcesBuildPhase;
			buildActionMask = 2147483647;
			files = (
			);
			runOnlyForDeploymentPostprocessing = 0;
		};
/* End PBXSourcesBuildPhase section */

/* Begin PBXTargetDependency section */
		F7DEB4AE2CFEAF340018D943 /* PBXTargetDependency */ = {
			isa = PBXTargetDependency;
			target = F7DEB4992CFEAF2F0018D943 /* ensemble */;
			targetProxy = F7DEB4AD2CFEAF340018D943 /* PBXContainerItemProxy */;
		};
		F7DEB4B82CFEAF340018D943 /* PBXTargetDependency */ = {
			isa = PBXTargetDependency;
			target = F7DEB4992CFEAF2F0018D943 /* ensemble */;
			targetProxy = F7DEB4B72CFEAF340018D943 /* PBXContainerItemProxy */;
		};
/* End PBXTargetDependency section */

/* Begin XCBuildConfiguration section */
		F7DEB4BE2CFEAF340018D943 /* Debug */ = {
			isa = XCBuildConfiguration;
			buildSettings = {
				ALWAYS_SEARCH_USER_PATHS = NO;
				ASSETCATALOG_COMPILER_GENERATE_SWIFT_ASSET_SYMBOL_EXTENSIONS = YES;
				CLANG_ANALYZER_NONNULL = YES;
				CLANG_ANALYZER_NUMBER_OBJECT_CONVERSION = YES_AGGRESSIVE;
				CLANG_CXX_LANGUAGE_STANDARD = "gnu++20";
				CLANG_ENABLE_MODULES = YES;
				CLANG_ENABLE_OBJC_ARC = YES;
				CLANG_ENABLE_OBJC_WEAK = YES;
				CLANG_WARN_BLOCK_CAPTURE_AUTORELEASING = YES;
				CLANG_WARN_BOOL_CONVERSION = YES;
				CLANG_WARN_COMMA = YES;
				CLANG_WARN_CONSTANT_CONVERSION = YES;
				CLANG_WARN_DEPRECATED_OBJC_IMPLEMENTATIONS = YES;
				CLANG_WARN_DIRECT_OBJC_ISA_USAGE = YES_ERROR;
				CLANG_WARN_DOCUMENTATION_COMMENTS = YES;
				CLANG_WARN_EMPTY_BODY = YES;
				CLANG_WARN_ENUM_CONVERSION = YES;
				CLANG_WARN_INFINITE_RECURSION = YES;
				CLANG_WARN_INT_CONVERSION = YES;
				CLANG_WARN_NON_LITERAL_NULL_CONVERSION = YES;
				CLANG_WARN_OBJC_IMPLICIT_RETAIN_SELF = YES;
				CLANG_WARN_OBJC_LITERAL_CONVERSION = YES;
				CLANG_WARN_OBJC_ROOT_CLASS = YES_ERROR;
				CLANG_WARN_QUOTED_INCLUDE_IN_FRAMEWORK_HEADER = YES;
				CLANG_WARN_RANGE_LOOP_ANALYSIS = YES;
				CLANG_WARN_STRICT_PROTOTYPES = YES;
				CLANG_WARN_SUSPICIOUS_MOVE = YES;
				CLANG_WARN_UNGUARDED_AVAILABILITY = YES_AGGRESSIVE;
				CLANG_WARN_UNREACHABLE_CODE = YES;
				CLANG_WARN__DUPLICATE_METHOD_MATCH = YES;
				COPY_PHASE_STRIP = NO;
				DEBUG_INFORMATION_FORMAT = dwarf;
				ENABLE_STRICT_OBJC_MSGSEND = YES;
				ENABLE_TESTABILITY = YES;
				ENABLE_USER_SCRIPT_SANDBOXING = YES;
				GCC_C_LANGUAGE_STANDARD = gnu17;
				GCC_DYNAMIC_NO_PIC = NO;
				GCC_NO_COMMON_BLOCKS = YES;
				GCC_OPTIMIZATION_LEVEL = 0;
				GCC_PREPROCESSOR_DEFINITIONS = (
					"DEBUG=1",
					"$(inherited)",
				);
				GCC_WARN_64_TO_32_BIT_CONVERSION = YES;
				GCC_WARN_ABOUT_RETURN_TYPE = YES_ERROR;
				GCC_WARN_UNDECLARED_SELECTOR = YES;
				GCC_WARN_UNINITIALIZED_AUTOS = YES_AGGRESSIVE;
				GCC_WARN_UNUSED_FUNCTION = YES;
				GCC_WARN_UNUSED_VARIABLE = YES;
				IPHONEOS_DEPLOYMENT_TARGET = 18.1;
				LOCALIZATION_PREFERS_STRING_CATALOGS = YES;
				MTL_ENABLE_DEBUG_INFO = INCLUDE_SOURCE;
				MTL_FAST_MATH = YES;
				ONLY_ACTIVE_ARCH = YES;
				SDKROOT = iphoneos;
				SWIFT_ACTIVE_COMPILATION_CONDITIONS = "DEBUG $(inherited)";
				SWIFT_OPTIMIZATION_LEVEL = "-Onone";
			};
			name = Debug;
		};
		F7DEB4BF2CFEAF340018D943 /* Release */ = {
			isa = XCBuildConfiguration;
			buildSettings = {
				ALWAYS_SEARCH_USER_PATHS = NO;
				ASSETCATALOG_COMPILER_GENERATE_SWIFT_ASSET_SYMBOL_EXTENSIONS = YES;
				CLANG_ANALYZER_NONNULL = YES;
				CLANG_ANALYZER_NUMBER_OBJECT_CONVERSION = YES_AGGRESSIVE;
				CLANG_CXX_LANGUAGE_STANDARD = "gnu++20";
				CLANG_ENABLE_MODULES = YES;
				CLANG_ENABLE_OBJC_ARC = YES;
				CLANG_ENABLE_OBJC_WEAK = YES;
				CLANG_WARN_BLOCK_CAPTURE_AUTORELEASING = YES;
				CLANG_WARN_BOOL_CONVERSION = YES;
				CLANG_WARN_COMMA = YES;
				CLANG_WARN_CONSTANT_CONVERSION = YES;
				CLANG_WARN_DEPRECATED_OBJC_IMPLEMENTATIONS = YES;
				CLANG_WARN_DIRECT_OBJC_ISA_USAGE = YES_ERROR;
				CLANG_WARN_DOCUMENTATION_COMMENTS = YES;
				CLANG_WARN_EMPTY_BODY = YES;
				CLANG_WARN_ENUM_CONVERSION = YES;
				CLANG_WARN_INFINITE_RECURSION = YES;
				CLANG_WARN_INT_CONVERSION = YES;
				CLANG_WARN_NON_LITERAL_NULL_CONVERSION = YES;
				CLANG_WARN_OBJC_IMPLICIT_RETAIN_SELF = YES;
				CLANG_WARN_OBJC_LITERAL_CONVERSION = YES;
				CLANG_WARN_OBJC_ROOT_CLASS = YES_ERROR;
				CLANG_WARN_QUOTED_INCLUDE_IN_FRAMEWORK_HEADER = YES;
				CLANG_WARN_RANGE_LOOP_ANALYSIS = YES;
				CLANG_WARN_STRICT_PROTOTYPES = YES;
				CLANG_WARN_SUSPICIOUS_MOVE = YES;
				CLANG_WARN_UNGUARDED_AVAILABILITY = YES_AGGRESSIVE;
				CLANG_WARN_UNREACHABLE_CODE = YES;
				CLANG_WARN__DUPLICATE_METHOD_MATCH = YES;
				COPY_PHASE_STRIP = NO;
				DEBUG_INFORMATION_FORMAT = "dwarf-with-dsym";
				ENABLE_NS_ASSERTIONS = NO;
				ENABLE_STRICT_OBJC_MSGSEND = YES;
				ENABLE_USER_SCRIPT_SANDBOXING = YES;
				GCC_C_LANGUAGE_STANDARD = gnu17;
				GCC_NO_COMMON_BLOCKS = YES;
				GCC_WARN_64_TO_32_BIT_CONVERSION = YES;
				GCC_WARN_ABOUT_RETURN_TYPE = YES_ERROR;
				GCC_WARN_UNDECLARED_SELECTOR = YES;
				GCC_WARN_UNINITIALIZED_AUTOS = YES_AGGRESSIVE;
				GCC_WARN_UNUSED_FUNCTION = YES;
				GCC_WARN_UNUSED_VARIABLE = YES;
				IPHONEOS_DEPLOYMENT_TARGET = 18.1;
				LOCALIZATION_PREFERS_STRING_CATALOGS = YES;
				MTL_ENABLE_DEBUG_INFO = NO;
				MTL_FAST_MATH = YES;
				SDKROOT = iphoneos;
				SWIFT_COMPILATION_MODE = wholemodule;
				VALIDATE_PRODUCT = YES;
			};
			name = Release;
		};
		F7DEB4C12CFEAF340018D943 /* Debug */ = {
			isa = XCBuildConfiguration;
			buildSettings = {
				ASSETCATALOG_COMPILER_APPICON_NAME = AppIcon;
				ASSETCATALOG_COMPILER_GLOBAL_ACCENT_COLOR_NAME = AccentColor;
				CODE_SIGN_STYLE = Automatic;
				CURRENT_PROJECT_VERSION = 1;
				DEVELOPMENT_ASSET_PATHS = "\"ensemble/Preview Content\"";
				DEVELOPMENT_TEAM = 2X792CPSD3;
				ENABLE_PREVIEWS = YES;
				GENERATE_INFOPLIST_FILE = YES;
				INFOPLIST_FILE = ensemble/Info.plist;
				INFOPLIST_KEY_UIApplicationSceneManifest_Generation = YES;
				INFOPLIST_KEY_UIApplicationSupportsIndirectInputEvents = YES;
				INFOPLIST_KEY_UILaunchScreen_Generation = YES;
				INFOPLIST_KEY_UISupportedInterfaceOrientations_iPad = "UIInterfaceOrientationPortrait UIInterfaceOrientationPortraitUpsideDown UIInterfaceOrientationLandscapeLeft UIInterfaceOrientationLandscapeRight";
				INFOPLIST_KEY_UISupportedInterfaceOrientations_iPhone = "UIInterfaceOrientationPortrait UIInterfaceOrientationLandscapeLeft UIInterfaceOrientationLandscapeRight";
				LD_RUNPATH_SEARCH_PATHS = (
					"$(inherited)",
					"@executable_path/Frameworks",
				);
				MARKETING_VERSION = 1.0;
				PRODUCT_BUNDLE_IDENTIFIER = com.ensemble.ensemble;
				PRODUCT_NAME = "$(TARGET_NAME)";
				SWIFT_EMIT_LOC_STRINGS = YES;
				SWIFT_VERSION = 5.0;
				TARGETED_DEVICE_FAMILY = "1,2";
			};
			name = Debug;
		};
		F7DEB4C22CFEAF340018D943 /* Release */ = {
			isa = XCBuildConfiguration;
			buildSettings = {
				ASSETCATALOG_COMPILER_APPICON_NAME = AppIcon;
				ASSETCATALOG_COMPILER_GLOBAL_ACCENT_COLOR_NAME = AccentColor;
				CODE_SIGN_STYLE = Automatic;
				CURRENT_PROJECT_VERSION = 1;
				DEVELOPMENT_ASSET_PATHS = "\"ensemble/Preview Content\"";
				DEVELOPMENT_TEAM = 2X792CPSD3;
				ENABLE_PREVIEWS = YES;
				GENERATE_INFOPLIST_FILE = YES;
				INFOPLIST_FILE = ensemble/Info.plist;
				INFOPLIST_KEY_UIApplicationSceneManifest_Generation = YES;
				INFOPLIST_KEY_UIApplicationSupportsIndirectInputEvents = YES;
				INFOPLIST_KEY_UILaunchScreen_Generation = YES;
				INFOPLIST_KEY_UISupportedInterfaceOrientations_iPad = "UIInterfaceOrientationPortrait UIInterfaceOrientationPortraitUpsideDown UIInterfaceOrientationLandscapeLeft UIInterfaceOrientationLandscapeRight";
				INFOPLIST_KEY_UISupportedInterfaceOrientations_iPhone = "UIInterfaceOrientationPortrait UIInterfaceOrientationLandscapeLeft UIInterfaceOrientationLandscapeRight";
				LD_RUNPATH_SEARCH_PATHS = (
					"$(inherited)",
					"@executable_path/Frameworks",
				);
				MARKETING_VERSION = 1.0;
				PRODUCT_BUNDLE_IDENTIFIER = com.ensemble.ensemble;
				PRODUCT_NAME = "$(TARGET_NAME)";
				SWIFT_EMIT_LOC_STRINGS = YES;
				SWIFT_VERSION = 5.0;
				TARGETED_DEVICE_FAMILY = "1,2";
			};
			name = Release;
		};
		F7DEB4C42CFEAF340018D943 /* Debug */ = {
			isa = XCBuildConfiguration;
			buildSettings = {
				BUNDLE_LOADER = "$(TEST_HOST)";
				CODE_SIGN_STYLE = Automatic;
				CURRENT_PROJECT_VERSION = 1;
				DEVELOPMENT_TEAM = 2X792CPSD3;
				GENERATE_INFOPLIST_FILE = YES;
				IPHONEOS_DEPLOYMENT_TARGET = 18.1;
				MARKETING_VERSION = 1.0;
				PRODUCT_BUNDLE_IDENTIFIER = com.ensemble.ensembleTests;
				PRODUCT_NAME = "$(TARGET_NAME)";
				SWIFT_EMIT_LOC_STRINGS = NO;
				SWIFT_VERSION = 5.0;
				TARGETED_DEVICE_FAMILY = "1,2";
				TEST_HOST = "$(BUILT_PRODUCTS_DIR)/ensemble.app/$(BUNDLE_EXECUTABLE_FOLDER_PATH)/ensemble";
			};
			name = Debug;
		};
		F7DEB4C52CFEAF340018D943 /* Release */ = {
			isa = XCBuildConfiguration;
			buildSettings = {
				BUNDLE_LOADER = "$(TEST_HOST)";
				CODE_SIGN_STYLE = Automatic;
				CURRENT_PROJECT_VERSION = 1;
				DEVELOPMENT_TEAM = 2X792CPSD3;
				GENERATE_INFOPLIST_FILE = YES;
				IPHONEOS_DEPLOYMENT_TARGET = 18.1;
				MARKETING_VERSION = 1.0;
				PRODUCT_BUNDLE_IDENTIFIER = com.ensemble.ensembleTests;
				PRODUCT_NAME = "$(TARGET_NAME)";
				SWIFT_EMIT_LOC_STRINGS = NO;
				SWIFT_VERSION = 5.0;
				TARGETED_DEVICE_FAMILY = "1,2";
				TEST_HOST = "$(BUILT_PRODUCTS_DIR)/ensemble.app/$(BUNDLE_EXECUTABLE_FOLDER_PATH)/ensemble";
			};
			name = Release;
		};
		F7DEB4C72CFEAF340018D943 /* Debug */ = {
			isa = XCBuildConfiguration;
			buildSettings = {
				CODE_SIGN_STYLE = Automatic;
				CURRENT_PROJECT_VERSION = 1;
				DEVELOPMENT_TEAM = 2X792CPSD3;
				GENERATE_INFOPLIST_FILE = YES;
				MARKETING_VERSION = 1.0;
				PRODUCT_BUNDLE_IDENTIFIER = com.ensemble.ensembleUITests;
				PRODUCT_NAME = "$(TARGET_NAME)";
				SWIFT_EMIT_LOC_STRINGS = NO;
				SWIFT_VERSION = 5.0;
				TARGETED_DEVICE_FAMILY = "1,2";
				TEST_TARGET_NAME = ensemble;
			};
			name = Debug;
		};
		F7DEB4C82CFEAF340018D943 /* Release */ = {
			isa = XCBuildConfiguration;
			buildSettings = {
				CODE_SIGN_STYLE = Automatic;
				CURRENT_PROJECT_VERSION = 1;
				DEVELOPMENT_TEAM = 2X792CPSD3;
				GENERATE_INFOPLIST_FILE = YES;
				MARKETING_VERSION = 1.0;
				PRODUCT_BUNDLE_IDENTIFIER = com.ensemble.ensembleUITests;
				PRODUCT_NAME = "$(TARGET_NAME)";
				SWIFT_EMIT_LOC_STRINGS = NO;
				SWIFT_VERSION = 5.0;
				TARGETED_DEVICE_FAMILY = "1,2";
				TEST_TARGET_NAME = ensemble;
			};
			name = Release;
		};
/* End XCBuildConfiguration section */

/* Begin XCConfigurationList section */
		F7DEB4952CFEAF2F0018D943 /* Build configuration list for PBXProject "ensemble" */ = {
			isa = XCConfigurationList;
			buildConfigurations = (
				F7DEB4BE2CFEAF340018D943 /* Debug */,
				F7DEB4BF2CFEAF340018D943 /* Release */,
			);
			defaultConfigurationIsVisible = 0;
			defaultConfigurationName = Release;
		};
		F7DEB4C02CFEAF340018D943 /* Build configuration list for PBXNativeTarget "ensemble" */ = {
			isa = XCConfigurationList;
			buildConfigurations = (
				F7DEB4C12CFEAF340018D943 /* Debug */,
				F7DEB4C22CFEAF340018D943 /* Release */,
			);
			defaultConfigurationIsVisible = 0;
			defaultConfigurationName = Release;
		};
		F7DEB4C32CFEAF340018D943 /* Build configuration list for PBXNativeTarget "ensembleTests" */ = {
			isa = XCConfigurationList;
			buildConfigurations = (
				F7DEB4C42CFEAF340018D943 /* Debug */,
				F7DEB4C52CFEAF340018D943 /* Release */,
			);
			defaultConfigurationIsVisible = 0;
			defaultConfigurationName = Release;
		};
		F7DEB4C62CFEAF340018D943 /* Build configuration list for PBXNativeTarget "ensembleUITests" */ = {
			isa = XCConfigurationList;
			buildConfigurations = (
				F7DEB4C72CFEAF340018D943 /* Debug */,
				F7DEB4C82CFEAF340018D943 /* Release */,
			);
			defaultConfigurationIsVisible = 0;
			defaultConfigurationName = Release;
		};
/* End XCConfigurationList section */

/* Begin XCRemoteSwiftPackageReference section */
		F7A17BD52D04048000ABDE7C /* XCRemoteSwiftPackageReference "amplify-ui-swift-authenticator" */ = {
			isa = XCRemoteSwiftPackageReference;
			repositoryURL = "https://github.com/aws-amplify/amplify-ui-swift-authenticator.git";
			requirement = {
				kind = upToNextMajorVersion;
				minimumVersion = 1.2.2;
			};
		};
		F7DEB4CB2CFEB2A90018D943 /* XCRemoteSwiftPackageReference "amplify-swift" */ = {
			isa = XCRemoteSwiftPackageReference;
			repositoryURL = "https://github.com/aws-amplify/amplify-swift";
			requirement = {
				kind = upToNextMajorVersion;
				minimumVersion = 2.45.0;
			};
		};
/* End XCRemoteSwiftPackageReference section */

/* Begin XCSwiftPackageProductDependency section */
		F787E5FE2CFFE94A005A2953 /* AWSCognitoAuthPlugin */ = {
			isa = XCSwiftPackageProductDependency;
			package = F7DEB4CB2CFEB2A90018D943 /* XCRemoteSwiftPackageReference "amplify-swift" */;
			productName = AWSCognitoAuthPlugin;
		};
		F7A17BD62D04048000ABDE7C /* Authenticator */ = {
			isa = XCSwiftPackageProductDependency;
			package = F7A17BD52D04048000ABDE7C /* XCRemoteSwiftPackageReference "amplify-ui-swift-authenticator" */;
			productName = Authenticator;
		};
		F7DEB4CD2CFEB38D0018D943 /* Amplify */ = {
			isa = XCSwiftPackageProductDependency;
			package = F7DEB4CB2CFEB2A90018D943 /* XCRemoteSwiftPackageReference "amplify-swift" */;
			productName = Amplify;
		};
		F7DEB4CF2CFEB3940018D943 /* AWSAPIPlugin */ = {
			isa = XCSwiftPackageProductDependency;
			package = F7DEB4CB2CFEB2A90018D943 /* XCRemoteSwiftPackageReference "amplify-swift" */;
			productName = AWSAPIPlugin;
		};
/* End XCSwiftPackageProductDependency section */
	};
	rootObject = F7DEB4922CFEAF2F0018D943 /* Project object */;
}
